# THIS IS AN AUTOGENERATED FILE. DO NOT EDIT THIS FILE DIRECTLY.
# yarn lockfile v1


zcatalyst-sdk-node@latest:
  version "1.2.1"
  resolved "https://registry.yarnpkg.com/zcatalyst-sdk-node/-/zcatalyst-sdk-node-1.2.1.tgz#7051456ae176e51f2629e8bcf26385be0e613a72"
  integrity sha512-87BTIy/wGxcJ/5xKWSjUVY8XjyaWoU0v3Jv8sYC3xcxSGWrkMPjI/H8qUaf34Yd4GNHAhlCrxqZEkGV5XLH4Hw==
